// !$*UTF8*$!
{
	archiveVersion = 1;
	classes = {
	};
	objectVersion = 56;
	objects = {

/* Begin PBXBuildFile section */
		1DC972582CB9869B000158BC /* SwiftUITopTabLayoutApp.swift in Sources */ = {isa = PBXBuildFile; fileRef = 1DC972572CB9869B000158BC /* SwiftUITopTabLayoutApp.swift */; };
		1DC9725A2CB9869B000158BC /* ContentView.swift in Sources */ = {isa = PBXBuildFile; fileRef = 1DC972592CB9869B000158BC /* ContentView.swift */; };
		1DC9725C2CB9869C000158BC /* Assets.xcassets in Resources */ = {isa = PBXBuildFile; fileRef = 1DC9725B2CB9869C000158BC /* Assets.xcassets */; };
		1DC9725F2CB9869C000158BC /* Preview Assets.xcassets in Resources */ = {isa = PBXBuildFile; fileRef = 1DC9725E2CB9869C000158BC /* Preview Assets.xcassets */; };
		1DC972692CB9869C000158BC /* SwiftUITopTabLayoutTests.swift in Sources */ = {isa = PBXBuildFile; fileRef = 1DC972682CB9869C000158BC /* SwiftUITopTabLayoutTests.swift */; };
		1DC972732CB9869C000158BC /* SwiftUITopTabLayoutUITests.swift in Sources */ = {isa = PBXBuildFile; fileRef = 1DC972722CB9869C000158BC /* SwiftUITopTabLayoutUITests.swift */; };
		1DC972752CB9869C000158BC /* SwiftUITopTabLayoutUITestsLaunchTests.swift in Sources */ = {isa = PBXBuildFile; fileRef = 1DC972742CB9869C000158BC /* SwiftUITopTabLayoutUITestsLaunchTests.swift */; };
/* End PBXBuildFile section */

/* Begin PBXContainerItemProxy section */
		1DC972652CB9869C000158BC /* PBXContainerItemProxy */ = {
			isa = PBXContainerItemProxy;
			containerPortal = 1DC9724C2CB9869B000158BC /* Project object */;
			proxyType = 1;
			remoteGlobalIDString = 1DC972532CB9869B000158BC;
			remoteInfo = SwiftUITopTabLayout;
		};
		1DC9726F2CB9869C000158BC /* PBXContainerItemProxy */ = {
			isa = PBXContainerItemProxy;
			containerPortal = 1DC9724C2CB9869B000158BC /* Project object */;
			proxyType = 1;
			remoteGlobalIDString = 1DC972532CB9869B000158BC;
			remoteInfo = SwiftUITopTabLayout;
		};
/* End PBXContainerItemProxy section */

/* Begin PBXFileReference section */
		1DC972542CB9869B000158BC /* SwiftUITopTabLayout.app */ = {isa = PBXFileReference; explicitFileType = wrapper.application; includeInIndex = 0; path = SwiftUITopTabLayout.app; sourceTree = BUILT_PRODUCTS_DIR; };
		1DC972572CB9869B000158BC /* SwiftUITopTabLayoutApp.swift */ = {isa = PBXFileReference; lastKnownFileType = sourcecode.swift; path = SwiftUITopTabLayoutApp.swift; sourceTree = "<group>"; };
		1DC972592CB9869B000158BC /* ContentView.swift */ = {isa = PBXFileReference; lastKnownFileType = sourcecode.swift; path = ContentView.swift; sourceTree = "<group>"; };
		1DC9725B2CB9869C000158BC /* Assets.xcassets */ = {isa = PBXFileReference; lastKnownFileType = folder.assetcatalog; path = Assets.xcassets; sourceTree = "<group>"; };
		1DC9725E2CB9869C000158BC /* Preview Assets.xcassets */ = {isa = PBXFileReference; lastKnownFileType = folder.assetcatalog; path = "Preview Assets.xcassets"; sourceTree = "<group>"; };
		1DC972642CB9869C000158BC /* SwiftUITopTabLayoutTests.xctest */ = {isa = PBXFileReference; explicitFileType = wrapper.cfbundle; includeInIndex = 0; path = SwiftUITopTabLayoutTests.xctest; sourceTree = BUILT_PRODUCTS_DIR; };
		1DC972682CB9869C000158BC /* SwiftUITopTabLayoutTests.swift */ = {isa = PBXFileReference; lastKnownFileType = sourcecode.swift; path = SwiftUITopTabLayoutTests.swift; sourceTree = "<group>"; };
		1DC9726E2CB9869C000158BC /* SwiftUITopTabLayoutUITests.xctest */ = {isa = PBXFileReference; explicitFileType = wrapper.cfbundle; includeInIndex = 0; path = SwiftUITopTabLayoutUITests.xctest; sourceTree = BUILT_PRODUCTS_DIR; };
		1DC972722CB9869C000158BC /* SwiftUITopTabLayoutUITests.swift */ = {isa = PBXFileReference; lastKnownFileType = sourcecode.swift; path = SwiftUITopTabLayoutUITests.swift; sourceTree = "<group>"; };
		1DC972742CB9869C000158BC /* SwiftUITopTabLayoutUITestsLaunchTests.swift */ = {isa = PBXFileReference; lastKnownFileType = sourcecode.swift; path = SwiftUITopTabLayoutUITestsLaunchTests.swift; sourceTree = "<group>"; };
/* End PBXFileReference section */

/* Begin PBXFrameworksBuildPhase section */
		1DC972512CB9869B000158BC /* Frameworks */ = {
			isa = PBXFrameworksBuildPhase;
			buildActionMask = 2147483647;
			files = (
			);
			runOnlyForDeploymentPostprocessing = 0;
		};
		1DC972612CB9869C000158BC /* Frameworks */ = {
			isa = PBXFrameworksBuildPhase;
			buildActionMask = 2147483647;
			files = (
			);
			runOnlyForDeploymentPostprocessing = 0;
		};
		1DC9726B2CB9869C000158BC /* Frameworks */ = {
			isa = PBXFrameworksBuildPhase;
			buildActionMask = 2147483647;
			files = (
			);
			runOnlyForDeploymentPostprocessing = 0;
		};
/* End PBXFrameworksBuildPhase section */

/* Begin PBXGroup section */
		1DC9724B2CB9869B000158BC = {
			isa = PBXGroup;
			children = (
				1DC972562CB9869B000158BC /* SwiftUITopTabLayout */,
				1DC972672CB9869C000158BC /* SwiftUITopTabLayoutTests */,
				1DC972712CB9869C000158BC /* SwiftUITopTabLayoutUITests */,
				1DC972552CB9869B000158BC /* Products */,
			);
			sourceTree = "<group>";
		};
		1DC972552CB9869B000158BC /* Products */ = {
			isa = PBXGroup;
			children = (
				1DC972542CB9869B000158BC /* SwiftUITopTabLayout.app */,
				1DC972642CB9869C000158BC /* SwiftUITopTabLayoutTests.xctest */,
				1DC9726E2CB9869C000158BC /* SwiftUITopTabLayoutUITests.xctest */,
			);
			name = Products;
			sourceTree = "<group>";
		};
		1DC972562CB9869B000158BC /* SwiftUITopTabLayout */ = {
			isa = PBXGroup;
			children = (
				1DC972572CB9869B000158BC /* SwiftUITopTabLayoutApp.swift */,
				1DC972592CB9869B000158BC /* ContentView.swift */,
				1DC9725B2CB9869C000158BC /* Assets.xcassets */,
				1DC9725D2CB9869C000158BC /* Preview Content */,
			);
			path = SwiftUITopTabLayout;
			sourceTree = "<group>";
		};
		1DC9725D2CB9869C000158BC /* Preview Content */ = {
			isa = PBXGroup;
			children = (
				1DC9725E2CB9869C000158BC /* Preview Assets.xcassets */,
			);
			path = "Preview Content";
			sourceTree = "<group>";
		};
		1DC972672CB9869C000158BC /* SwiftUITopTabLayoutTests */ = {
			isa = PBXGroup;
			children = (
				1DC972682CB9869C000158BC /* SwiftUITopTabLayoutTests.swift */,
			);
			path = SwiftUITopTabLayoutTests;
			sourceTree = "<group>";
		};
		1DC972712CB9869C000158BC /* SwiftUITopTabLayoutUITests */ = {
			isa = PBXGroup;
			children = (
				1DC972722CB9869C000158BC /* SwiftUITopTabLayoutUITests.swift */,
				1DC972742CB9869C000158BC /* SwiftUITopTabLayoutUITestsLaunchTests.swift */,
			);
			path = SwiftUITopTabLayoutUITests;
			sourceTree = "<group>";
		};
/* End PBXGroup section */

/* Begin PBXNativeTarget section */
		1DC972532CB9869B000158BC /* SwiftUITopTabLayout */ = {
			isa = PBXNativeTarget;
			buildConfigurationList = 1DC972782CB9869C000158BC /* Build configuration list for PBXNativeTarget "SwiftUITopTabLayout" */;
			buildPhases = (
				1DC972502CB9869B000158BC /* Sources */,
				1DC972512CB9869B000158BC /* Frameworks */,
				1DC972522CB9869B000158BC /* Resources */,
			);
			buildRules = (
			);
			dependencies = (
			);
			name = SwiftUITopTabLayout;
			productName = SwiftUITopTabLayout;
			productReference = 1DC972542CB9869B000158BC /* SwiftUITopTabLayout.app */;
			productType = "com.apple.product-type.application";
		};
		1DC972632CB9869C000158BC /* SwiftUITopTabLayoutTests */ = {
			isa = PBXNativeTarget;
			buildConfigurationList = 1DC9727B2CB9869C000158BC /* Build configuration list for PBXNativeTarget "SwiftUITopTabLayoutTests" */;
			buildPhases = (
				1DC972602CB9869C000158BC /* Sources */,
				1DC972612CB9869C000158BC /* Frameworks */,
				1DC972622CB9869C000158BC /* Resources */,
			);
			buildRules = (
			);
			dependencies = (
				1DC972662CB9869C000158BC /* PBXTargetDependency */,
			);
			name = SwiftUITopTabLayoutTests;
			productName = SwiftUITopTabLayoutTests;
			productReference = 1DC972642CB9869C000158BC /* SwiftUITopTabLayoutTests.xctest */;
			productType = "com.apple.product-type.bundle.unit-test";
		};
		1DC9726D2CB9869C000158BC /* SwiftUITopTabLayoutUITests */ = {
			isa = PBXNativeTarget;
			buildConfigurationList = 1DC9727E2CB9869C000158BC /* Build configuration list for PBXNativeTarget "SwiftUITopTabLayoutUITests" */;
			buildPhases = (
				1DC9726A2CB9869C000158BC /* Sources */,
				1DC9726B2CB9869C000158BC /* Frameworks */,
				1DC9726C2CB9869C000158BC /* Resources */,
			);
			buildRules = (
			);
			dependencies = (
				1DC972702CB9869C000158BC /* PBXTargetDependency */,
			);
			name = SwiftUITopTabLayoutUITests;
			productName = SwiftUITopTabLayoutUITests;
			productReference = 1DC9726E2CB9869C000158BC /* SwiftUITopTabLayoutUITests.xctest */;
			productType = "com.apple.product-type.bundle.ui-testing";
		};
/* End PBXNativeTarget section */

/* Begin PBXProject section */
		1DC9724C2CB9869B000158BC /* Project object */ = {
			isa = PBXProject;
			attributes = {
				BuildIndependentTargetsInParallel = 1;
				LastSwiftUpdateCheck = 1540;
				LastUpgradeCheck = 1540;
				TargetAttributes = {
					1DC972532CB9869B000158BC = {
						CreatedOnToolsVersion = 15.4;
					};
					1DC972632CB9869C000158BC = {
						CreatedOnToolsVersion = 15.4;
						TestTargetID = 1DC972532CB9869B000158BC;
					};
					1DC9726D2CB9869C000158BC = {
						CreatedOnToolsVersion = 15.4;
						TestTargetID = 1DC972532CB9869B000158BC;
					};
				};
			};
			buildConfigurationList = 1DC9724F2CB9869B000158BC /* Build configuration list for PBXProject "SwiftUITopTabLayout" */;
			compatibilityVersion = "Xcode 14.0";
			developmentRegion = en;
			hasScannedForEncodings = 0;
			knownRegions = (
				en,
				Base,
			);
			mainGroup = 1DC9724B2CB9869B000158BC;
			productRefGroup = 1DC972552CB9869B000158BC /* Products */;
			projectDirPath = "";
			projectRoot = "";
			targets = (
				1DC972532CB9869B000158BC /* SwiftUITopTabLayout */,
				1DC972632CB9869C000158BC /* SwiftUITopTabLayoutTests */,
				1DC9726D2CB9869C000158BC /* SwiftUITopTabLayoutUITests */,
			);
		};
/* End PBXProject section */

/* Begin PBXResourcesBuildPhase section */
		1DC972522CB9869B000158BC /* Resources */ = {
			isa = PBXResourcesBuildPhase;
			buildActionMask = 2147483647;
			files = (
				1DC9725F2CB9869C000158BC /* Preview Assets.xcassets in Resources */,
				1DC9725C2CB9869C000158BC /* Assets.xcassets in Resources */,
			);
			runOnlyForDeploymentPostprocessing = 0;
		};
		1DC972622CB9869C000158BC /* Resources */ = {
			isa = PBXResourcesBuildPhase;
			buildActionMask = 2147483647;
			files = (
			);
			runOnlyForDeploymentPostprocessing = 0;
		};
		1DC9726C2CB9869C000158BC /* Resources */ = {
			isa = PBXResourcesBuildPhase;
			buildActionMask = 2147483647;
			files = (
			);
			runOnlyForDeploymentPostprocessing = 0;
		};
/* End PBXResourcesBuildPhase section */

/* Begin PBXSourcesBuildPhase section */
		1DC972502CB9869B000158BC /* Sources */ = {
			isa = PBXSourcesBuildPhase;
			buildActionMask = 2147483647;
			files = (
				1DC9725A2CB9869B000158BC /* ContentView.swift in Sources */,
				1DC972582CB9869B000158BC /* SwiftUITopTabLayoutApp.swift in Sources */,
			);
			runOnlyForDeploymentPostprocessing = 0;
		};
		1DC972602CB9869C000158BC /* Sources */ = {
			isa = PBXSourcesBuildPhase;
			buildActionMask = 2147483647;
			files = (
				1DC972692CB9869C000158BC /* SwiftUITopTabLayoutTests.swift in Sources */,
			);
			runOnlyForDeploymentPostprocessing = 0;
		};
		1DC9726A2CB9869C000158BC /* Sources */ = {
			isa = PBXSourcesBuildPhase;
			buildActionMask = 2147483647;
			files = (
				1DC972752CB9869C000158BC /* SwiftUITopTabLayoutUITestsLaunchTests.swift in Sources */,
				1DC972732CB9869C000158BC /* SwiftUITopTabLayoutUITests.swift in Sources */,
			);
			runOnlyForDeploymentPostprocessing = 0;
		};
/* End PBXSourcesBuildPhase section */

/* Begin PBXTargetDependency section */
		1DC972662CB9869C000158BC /* PBXTargetDependency */ = {
			isa = PBXTargetDependency;
			target = 1DC972532CB9869B000158BC /* SwiftUITopTabLayout */;
			targetProxy = 1DC972652CB9869C000158BC /* PBXContainerItemProxy */;
		};
		1DC972702CB9869C000158BC /* PBXTargetDependency */ = {
			isa = PBXTargetDependency;
			target = 1DC972532CB9869B000158BC /* SwiftUITopTabLayout */;
			targetProxy = 1DC9726F2CB9869C000158BC /* PBXContainerItemProxy */;
		};
/* End PBXTargetDependency section */

/* Begin XCBuildConfiguration section */
		1DC972762CB9869C000158BC /* Debug */ = {
			isa = XCBuildConfiguration;
			buildSettings = {
				ALWAYS_SEARCH_USER_PATHS = NO;
				ASSETCATALOG_COMPILER_GENERATE_SWIFT_ASSET_SYMBOL_EXTENSIONS = YES;
				CLANG_ANALYZER_NONNULL = YES;
				CLANG_ANALYZER_NUMBER_OBJECT_CONVERSION = YES_AGGRESSIVE;
				CLANG_CXX_LANGUAGE_STANDARD = "gnu++20";
				CLANG_ENABLE_MODULES = YES;
				CLANG_ENABLE_OBJC_ARC = YES;
				CLANG_ENABLE_OBJC_WEAK = YES;
				CLANG_WARN_BLOCK_CAPTURE_AUTORELEASING = YES;
				CLANG_WARN_BOOL_CONVERSION = YES;
				CLANG_WARN_COMMA = YES;
				CLANG_WARN_CONSTANT_CONVERSION = YES;
				CLANG_WARN_DEPRECATED_OBJC_IMPLEMENTATIONS = YES;
				CLANG_WARN_DIRECT_OBJC_ISA_USAGE = YES_ERROR;
				CLANG_WARN_DOCUMENTATION_COMMENTS = YES;
				CLANG_WARN_EMPTY_BODY = YES;
				CLANG_WARN_ENUM_CONVERSION = YES;
				CLANG_WARN_INFINITE_RECURSION = YES;
				CLANG_WARN_INT_CONVERSION = YES;
				CLANG_WARN_NON_LITERAL_NULL_CONVERSION = YES;
				CLANG_WARN_OBJC_IMPLICIT_RETAIN_SELF = YES;
				CLANG_WARN_OBJC_LITERAL_CONVERSION = YES;
				CLANG_WARN_OBJC_ROOT_CLASS = YES_ERROR;
				CLANG_WARN_QUOTED_INCLUDE_IN_FRAMEWORK_HEADER = YES;
				CLANG_WARN_RANGE_LOOP_ANALYSIS = YES;
				CLANG_WARN_STRICT_PROTOTYPES = YES;
				CLANG_WARN_SUSPICIOUS_MOVE = YES;
				CLANG_WARN_UNGUARDED_AVAILABILITY = YES_AGGRESSIVE;
				CLANG_WARN_UNREACHABLE_CODE = YES;
				CLANG_WARN__DUPLICATE_METHOD_MATCH = YES;
				COPY_PHASE_STRIP = NO;
				DEBUG_INFORMATION_FORMAT = dwarf;
				ENABLE_STRICT_OBJC_MSGSEND = YES;
				ENABLE_TESTABILITY = YES;
				ENABLE_USER_SCRIPT_SANDBOXING = YES;
				GCC_C_LANGUAGE_STANDARD = gnu17;
				GCC_DYNAMIC_NO_PIC = NO;
				GCC_NO_COMMON_BLOCKS = YES;
				GCC_OPTIMIZATION_LEVEL = 0;
				GCC_PREPROCESSOR_DEFINITIONS = (
					"DEBUG=1",
					"$(inherited)",
				);
				GCC_WARN_64_TO_32_BIT_CONVERSION = YES;
				GCC_WARN_ABOUT_RETURN_TYPE = YES_ERROR;
				GCC_WARN_UNDECLARED_SELECTOR = YES;
				GCC_WARN_UNINITIALIZED_AUTOS = YES_AGGRESSIVE;
				GCC_WARN_UNUSED_FUNCTION = YES;
				GCC_WARN_UNUSED_VARIABLE = YES;
				IPHONEOS_DEPLOYMENT_TARGET = 17.5;
				LOCALIZATION_PREFERS_STRING_CATALOGS = YES;
				MTL_ENABLE_DEBUG_INFO = INCLUDE_SOURCE;
				MTL_FAST_MATH = YES;
				ONLY_ACTIVE_ARCH = YES;
				SDKROOT = iphoneos;
				SWIFT_ACTIVE_COMPILATION_CONDITIONS = "DEBUG $(inherited)";
				SWIFT_OPTIMIZATION_LEVEL = "-Onone";
			};
			name = Debug;
		};
		1DC972772CB9869C000158BC /* Release */ = {
			isa = XCBuildConfiguration;
			buildSettings = {
				ALWAYS_SEARCH_USER_PATHS = NO;
				ASSETCATALOG_COMPILER_GENERATE_SWIFT_ASSET_SYMBOL_EXTENSIONS = YES;
				CLANG_ANALYZER_NONNULL = YES;
				CLANG_ANALYZER_NUMBER_OBJECT_CONVERSION = YES_AGGRESSIVE;
				CLANG_CXX_LANGUAGE_STANDARD = "gnu++20";
				CLANG_ENABLE_MODULES = YES;
				CLANG_ENABLE_OBJC_ARC = YES;
				CLANG_ENABLE_OBJC_WEAK = YES;
				CLANG_WARN_BLOCK_CAPTURE_AUTORELEASING = YES;
				CLANG_WARN_BOOL_CONVERSION = YES;
				CLANG_WARN_COMMA = YES;
				CLANG_WARN_CONSTANT_CONVERSION = YES;
				CLANG_WARN_DEPRECATED_OBJC_IMPLEMENTATIONS = YES;
				CLANG_WARN_DIRECT_OBJC_ISA_USAGE = YES_ERROR;
				CLANG_WARN_DOCUMENTATION_COMMENTS = YES;
				CLANG_WARN_EMPTY_BODY = YES;
				CLANG_WARN_ENUM_CONVERSION = YES;
				CLANG_WARN_INFINITE_RECURSION = YES;
				CLANG_WARN_INT_CONVERSION = YES;
				CLANG_WARN_NON_LITERAL_NULL_CONVERSION = YES;
				CLANG_WARN_OBJC_IMPLICIT_RETAIN_SELF = YES;
				CLANG_WARN_OBJC_LITERAL_CONVERSION = YES;
				CLANG_WARN_OBJC_ROOT_CLASS = YES_ERROR;
				CLANG_WARN_QUOTED_INCLUDE_IN_FRAMEWORK_HEADER = YES;
				CLANG_WARN_RANGE_LOOP_ANALYSIS = YES;
				CLANG_WARN_STRICT_PROTOTYPES = YES;
				CLANG_WARN_SUSPICIOUS_MOVE = YES;
				CLANG_WARN_UNGUARDED_AVAILABILITY = YES_AGGRESSIVE;
				CLANG_WARN_UNREACHABLE_CODE = YES;
				CLANG_WARN__DUPLICATE_METHOD_MATCH = YES;
				COPY_PHASE_STRIP = NO;
				DEBUG_INFORMATION_FORMAT = "dwarf-with-dsym";
				ENABLE_NS_ASSERTIONS = NO;
				ENABLE_STRICT_OBJC_MSGSEND = YES;
				ENABLE_USER_SCRIPT_SANDBOXING = YES;
				GCC_C_LANGUAGE_STANDARD = gnu17;
				GCC_NO_COMMON_BLOCKS = YES;
				GCC_WARN_64_TO_32_BIT_CONVERSION = YES;
				GCC_WARN_ABOUT_RETURN_TYPE = YES_ERROR;
				GCC_WARN_UNDECLARED_SELECTOR = YES;
				GCC_WARN_UNINITIALIZED_AUTOS = YES_AGGRESSIVE;
				GCC_WARN_UNUSED_FUNCTION = YES;
				GCC_WARN_UNUSED_VARIABLE = YES;
				IPHONEOS_DEPLOYMENT_TARGET = 17.5;
				LOCALIZATION_PREFERS_STRING_CATALOGS = YES;
				MTL_ENABLE_DEBUG_INFO = NO;
				MTL_FAST_MATH = YES;
				SDKROOT = iphoneos;
				SWIFT_COMPILATION_MODE = wholemodule;
				VALIDATE_PRODUCT = YES;
			};
			name = Release;
		};
		1DC972792CB9869C000158BC /* Debug */ = {
			isa = XCBuildConfiguration;
			buildSettings = {
				ASSETCATALOG_COMPILER_APPICON_NAME = AppIcon;
				ASSETCATALOG_COMPILER_GLOBAL_ACCENT_COLOR_NAME = AccentColor;
				CODE_SIGN_STYLE = Automatic;
				CURRENT_PROJECT_VERSION = 1;
				DEVELOPMENT_ASSET_PATHS = "\"SwiftUITopTabLayout/Preview Content\"";
				ENABLE_PREVIEWS = YES;
				GENERATE_INFOPLIST_FILE = YES;
				INFOPLIST_KEY_UIApplicationSceneManifest_Generation = YES;
				INFOPLIST_KEY_UIApplicationSupportsIndirectInputEvents = YES;
				INFOPLIST_KEY_UILaunchScreen_Generation = YES;
				INFOPLIST_KEY_UISupportedInterfaceOrientations_iPad = "UIInterfaceOrientationPortrait UIInterfaceOrientationPortraitUpsideDown UIInterfaceOrientationLandscapeLeft UIInterfaceOrientationLandscapeRight";
				INFOPLIST_KEY_UISupportedInterfaceOrientations_iPhone = "UIInterfaceOrientationPortrait UIInterfaceOrientationLandscapeLeft UIInterfaceOrientationLandscapeRight";
				LD_RUNPATH_SEARCH_PATHS = (
					"$(inherited)",
					"@executable_path/Frameworks",
				);
				MARKETING_VERSION = 1.0;
				PRODUCT_BUNDLE_IDENTIFIER = com.ios4you.SwiftUITopTabLayout;
				PRODUCT_NAME = "$(TARGET_NAME)";
				SWIFT_EMIT_LOC_STRINGS = YES;
				SWIFT_VERSION = 5.0;
				TARGETED_DEVICE_FAMILY = "1,2";
			};
			name = Debug;
		};
		1DC9727A2CB9869C000158BC /* Release */ = {
			isa = XCBuildConfiguration;
			buildSettings = {
				ASSETCATALOG_COMPILER_APPICON_NAME = AppIcon;
				ASSETCATALOG_COMPILER_GLOBAL_ACCENT_COLOR_NAME = AccentColor;
				CODE_SIGN_STYLE = Automatic;
				CURRENT_PROJECT_VERSION = 1;
				DEVELOPMENT_ASSET_PATHS = "\"SwiftUITopTabLayout/Preview Content\"";
				ENABLE_PREVIEWS = YES;
				GENERATE_INFOPLIST_FILE = YES;
				INFOPLIST_KEY_UIApplicationSceneManifest_Generation = YES;
				INFOPLIST_KEY_UIApplicationSupportsIndirectInputEvents = YES;
				INFOPLIST_KEY_UILaunchScreen_Generation = YES;
				INFOPLIST_KEY_UISupportedInterfaceOrientations_iPad = "UIInterfaceOrientationPortrait UIInterfaceOrientationPortraitUpsideDown UIInterfaceOrientationLandscapeLeft UIInterfaceOrientationLandscapeRight";
				INFOPLIST_KEY_UISupportedInterfaceOrientations_iPhone = "UIInterfaceOrientationPortrait UIInterfaceOrientationLandscapeLeft UIInterfaceOrientationLandscapeRight";
				LD_RUNPATH_SEARCH_PATHS = (
					"$(inherited)",
					"@executable_path/Frameworks",
				);
				MARKETING_VERSION = 1.0;
				PRODUCT_BUNDLE_IDENTIFIER = com.ios4you.SwiftUITopTabLayout;
				PRODUCT_NAME = "$(TARGET_NAME)";
				SWIFT_EMIT_LOC_STRINGS = YES;
				SWIFT_VERSION = 5.0;
				TARGETED_DEVICE_FAMILY = "1,2";
			};
			name = Release;
		};
		1DC9727C2CB9869C000158BC /* Debug */ = {
			isa = XCBuildConfiguration;
			buildSettings = {
				ALWAYS_EMBED_SWIFT_STANDARD_LIBRARIES = YES;
				BUNDLE_LOADER = "$(TEST_HOST)";
				CODE_SIGN_STYLE = Automatic;
				CURRENT_PROJECT_VERSION = 1;
				GENERATE_INFOPLIST_FILE = YES;
				IPHONEOS_DEPLOYMENT_TARGET = 17.5;
				MARKETING_VERSION = 1.0;
				PRODUCT_BUNDLE_IDENTIFIER = com.ios4you.SwiftUITopTabLayoutTests;
				PRODUCT_NAME = "$(TARGET_NAME)";
				SWIFT_EMIT_LOC_STRINGS = NO;
				SWIFT_VERSION = 5.0;
				TARGETED_DEVICE_FAMILY = "1,2";
				TEST_HOST = "$(BUILT_PRODUCTS_DIR)/SwiftUITopTabLayout.app/$(BUNDLE_EXECUTABLE_FOLDER_PATH)/SwiftUITopTabLayout";
			};
			name = Debug;
		};
		1DC9727D2CB9869C000158BC /* Release */ = {
			isa = XCBuildConfiguration;
			buildSettings = {
				ALWAYS_EMBED_SWIFT_STANDARD_LIBRARIES = YES;
				BUNDLE_LOADER = "$(TEST_HOST)";
				CODE_SIGN_STYLE = Automatic;
				CURRENT_PROJECT_VERSION = 1;
				GENERATE_INFOPLIST_FILE = YES;
				IPHONEOS_DEPLOYMENT_TARGET = 17.5;
				MARKETING_VERSION = 1.0;
				PRODUCT_BUNDLE_IDENTIFIER = com.ios4you.SwiftUITopTabLayoutTests;
				PRODUCT_NAME = "$(TARGET_NAME)";
				SWIFT_EMIT_LOC_STRINGS = NO;
				SWIFT_VERSION = 5.0;
				TARGETED_DEVICE_FAMILY = "1,2";
				TEST_HOST = "$(BUILT_PRODUCTS_DIR)/SwiftUITopTabLayout.app/$(BUNDLE_EXECUTABLE_FOLDER_PATH)/SwiftUITopTabLayout";
			};
			name = Release;
		};
		1DC9727F2CB9869C000158BC /* Debug */ = {
			isa = XCBuildConfiguration;
			buildSettings = {
				ALWAYS_EMBED_SWIFT_STANDARD_LIBRARIES = YES;
				CODE_SIGN_STYLE = Automatic;
				CURRENT_PROJECT_VERSION = 1;
				GENERATE_INFOPLIST_FILE = YES;
				MARKETING_VERSION = 1.0;
				PRODUCT_BUNDLE_IDENTIFIER = com.ios4you.SwiftUITopTabLayoutUITests;
				PRODUCT_NAME = "$(TARGET_NAME)";
				SWIFT_EMIT_LOC_STRINGS = NO;
				SWIFT_VERSION = 5.0;
				TARGETED_DEVICE_FAMILY = "1,2";
				TEST_TARGET_NAME = SwiftUITopTabLayout;
			};
			name = Debug;
		};
		1DC972802CB9869C000158BC /* Release */ = {
			isa = XCBuildConfiguration;
			buildSettings = {
				ALWAYS_EMBED_SWIFT_STANDARD_LIBRARIES = YES;
				CODE_SIGN_STYLE = Automatic;
				CURRENT_PROJECT_VERSION = 1;
				GENERATE_INFOPLIST_FILE = YES;
				MARKETING_VERSION = 1.0;
				PRODUCT_BUNDLE_IDENTIFIER = com.ios4you.SwiftUITopTabLayoutUITests;
				PRODUCT_NAME = "$(TARGET_NAME)";
				SWIFT_EMIT_LOC_STRINGS = NO;
				SWIFT_VERSION = 5.0;
				TARGETED_DEVICE_FAMILY = "1,2";
				TEST_TARGET_NAME = SwiftUITopTabLayout;
			};
			name = Release;
		};
/* End XCBuildConfiguration section */

/* Begin XCConfigurationList section */
		1DC9724F2CB9869B000158BC /* Build configuration list for PBXProject "SwiftUITopTabLayout" */ = {
			isa = XCConfigurationList;
			buildConfigurations = (
				1DC972762CB9869C000158BC /* Debug */,
				1DC972772CB9869C000158BC /* Release */,
			);
			defaultConfigurationIsVisible = 0;
			defaultConfigurationName = Release;
		};
		1DC972782CB9869C000158BC /* Build configuration list for PBXNativeTarget "SwiftUITopTabLayout" */ = {
			isa = XCConfigurationList;
			buildConfigurations = (
				1DC972792CB9869C000158BC /* Debug */,
				1DC9727A2CB9869C000158BC /* Release */,
			);
			defaultConfigurationIsVisible = 0;
			defaultConfigurationName = Release;
		};
		1DC9727B2CB9869C000158BC /* Build configuration list for PBXNativeTarget "SwiftUITopTabLayoutTests" */ = {
			isa = XCConfigurationList;
			buildConfigurations = (
				1DC9727C2CB9869C000158BC /* Debug */,
				1DC9727D2CB9869C000158BC /* Release */,
			);
			defaultConfigurationIsVisible = 0;
			defaultConfigurationName = Release;
		};
		1DC9727E2CB9869C000158BC /* Build configuration list for PBXNativeTarget "SwiftUITopTabLayoutUITests" */ = {
			isa = XCConfigurationList;
			buildConfigurations = (
				1DC9727F2CB9869C000158BC /* Debug */,
				1DC972802CB9869C000158BC /* Release */,
			);
			defaultConfigurationIsVisible = 0;
			defaultConfigurationName = Release;
		};
/* End XCConfigurationList section */
	};
	rootObject = 1DC9724C2CB9869B000158BC /* Project object */;
}
